// !$*UTF8*$!
{
	archiveVersion = 1;
	classes = {
	};
	objectVersion = 56;
	objects = {

/* Begin PBXBuildFile section */
		DA307EC929E8AB1400ECF681 /* AlMacAApp.swift in Sources */ = {isa = PBXBuildFile; fileRef = DA307EC829E8AB1400ECF681 /* AlMacAApp.swift */; };
		DA307ECB29E8AB1400ECF681 /* ContentView.swift in Sources */ = {isa = PBXBuildFile; fileRef = DA307ECA29E8AB1400ECF681 /* ContentView.swift */; };
		DA307ECD29E8AB1500ECF681 /* Assets.xcassets in Resources */ = {isa = PBXBuildFile; fileRef = DA307ECC29E8AB1500ECF681 /* Assets.xcassets */; };
		DA307ED029E8AB1500ECF681 /* Preview Assets.xcassets in Resources */ = {isa = PBXBuildFile; fileRef = DA307ECF29E8AB1500ECF681 /* Preview Assets.xcassets */; };
		DA307ED829E8AB8700ECF681 /* AppDelegate.swift in Sources */ = {isa = PBXBuildFile; fileRef = DA307ED729E8AB8700ECF681 /* AppDelegate.swift */; };
		DA307EDB29E8AEF600ECF681 /* ChatView.swift in Sources */ = {isa = PBXBuildFile; fileRef = DA307EDA29E8AEF600ECF681 /* ChatView.swift */; };
		DABD1FB629EF05F2001B6A3D /* ChatViewModel.swift in Sources */ = {isa = PBXBuildFile; fileRef = DABD1FB529EF05F2001B6A3D /* ChatViewModel.swift */; };
/* End PBXBuildFile section */

/* Begin PBXFileReference section */
		DA307EC529E8AB1400ECF681 /* AlMacA.app */ = {isa = PBXFileReference; explicitFileType = wrapper.application; includeInIndex = 0; path = AlMacA.app; sourceTree = BUILT_PRODUCTS_DIR; };
		DA307EC829E8AB1400ECF681 /* AlMacAApp.swift */ = {isa = PBXFileReference; lastKnownFileType = sourcecode.swift; path = AlMacAApp.swift; sourceTree = "<group>"; };
		DA307ECA29E8AB1400ECF681 /* ContentView.swift */ = {isa = PBXFileReference; lastKnownFileType = sourcecode.swift; path = ContentView.swift; sourceTree = "<group>"; };
		DA307ECC29E8AB1500ECF681 /* Assets.xcassets */ = {isa = PBXFileReference; lastKnownFileType = folder.assetcatalog; path = Assets.xcassets; sourceTree = "<group>"; };
		DA307ECF29E8AB1500ECF681 /* Preview Assets.xcassets */ = {isa = PBXFileReference; lastKnownFileType = folder.assetcatalog; path = "Preview Assets.xcassets"; sourceTree = "<group>"; };
		DA307ED129E8AB1500ECF681 /* AlMacA.entitlements */ = {isa = PBXFileReference; lastKnownFileType = text.plist.entitlements; path = AlMacA.entitlements; sourceTree = "<group>"; };
		DA307ED729E8AB8700ECF681 /* AppDelegate.swift */ = {isa = PBXFileReference; lastKnownFileType = sourcecode.swift; path = AppDelegate.swift; sourceTree = "<group>"; };
		DA307ED929E8AE4600ECF681 /* Info.plist */ = {isa = PBXFileReference; lastKnownFileType = text.plist; path = Info.plist; sourceTree = "<group>"; };
		DA307EDA29E8AEF600ECF681 /* ChatView.swift */ = {isa = PBXFileReference; lastKnownFileType = sourcecode.swift; path = ChatView.swift; sourceTree = "<group>"; };
		DABD1FB529EF05F2001B6A3D /* ChatViewModel.swift */ = {isa = PBXFileReference; lastKnownFileType = sourcecode.swift; path = ChatViewModel.swift; sourceTree = "<group>"; };
/* End PBXFileReference section */

/* Begin PBXFrameworksBuildPhase section */
		DA307EC229E8AB1400ECF681 /* Frameworks */ = {
			isa = PBXFrameworksBuildPhase;
			buildActionMask = 2147483647;
			files = (
			);
			runOnlyForDeploymentPostprocessing = 0;
		};
/* End PBXFrameworksBuildPhase section */

/* Begin PBXGroup section */
		DA307EBC29E8AB1400ECF681 = {
			isa = PBXGroup;
			children = (
				DA307EC729E8AB1400ECF681 /* AlMacA */,
				DA307EC629E8AB1400ECF681 /* Products */,
			);
			sourceTree = "<group>";
		};
		DA307EC629E8AB1400ECF681 /* Products */ = {
			isa = PBXGroup;
			children = (
				DA307EC529E8AB1400ECF681 /* AlMacA.app */,
			);
			name = Products;
			sourceTree = "<group>";
		};
		DA307EC729E8AB1400ECF681 /* AlMacA */ = {
			isa = PBXGroup;
			children = (
				DA307ED929E8AE4600ECF681 /* Info.plist */,
				DA307ED729E8AB8700ECF681 /* AppDelegate.swift */,
				DA307EDA29E8AEF600ECF681 /* ChatView.swift */,
				DA307EC829E8AB1400ECF681 /* AlMacAApp.swift */,
				DABD1FB529EF05F2001B6A3D /* ChatViewModel.swift */,
				DA307ECA29E8AB1400ECF681 /* ContentView.swift */,
				DA307ECC29E8AB1500ECF681 /* Assets.xcassets */,
				DA307ED129E8AB1500ECF681 /* AlMacA.entitlements */,
				DA307ECE29E8AB1500ECF681 /* Preview Content */,
			);
			path = AlMacA;
			sourceTree = "<group>";
		};
		DA307ECE29E8AB1500ECF681 /* Preview Content */ = {
			isa = PBXGroup;
			children = (
				DA307ECF29E8AB1500ECF681 /* Preview Assets.xcassets */,
			);
			path = "Preview Content";
			sourceTree = "<group>";
		};
/* End PBXGroup section */

/* Begin PBXNativeTarget section */
		DA307EC429E8AB1400ECF681 /* AlMacA */ = {
			isa = PBXNativeTarget;
			buildConfigurationList = DA307ED429E8AB1500ECF681 /* Build configuration list for PBXNativeTarget "AlMacA" */;
			buildPhases = (
				DA307EC129E8AB1400ECF681 /* Sources */,
				DA307EC229E8AB1400ECF681 /* Frameworks */,
				DA307EC329E8AB1400ECF681 /* Resources */,
			);
			buildRules = (
			);
			dependencies = (
			);
			name = AlMacA;
			productName = AlMacA;
			productReference = DA307EC529E8AB1400ECF681 /* AlMacA.app */;
			productType = "com.apple.product-type.application";
		};
/* End PBXNativeTarget section */

/* Begin PBXProject section */
		DA307EBD29E8AB1400ECF681 /* Project object */ = {
			isa = PBXProject;
			attributes = {
				BuildIndependentTargetsInParallel = 1;
				LastSwiftUpdateCheck = 1430;
				LastUpgradeCheck = 1430;
				TargetAttributes = {
					DA307EC429E8AB1400ECF681 = {
						CreatedOnToolsVersion = 14.3;
					};
				};
			};
			buildConfigurationList = DA307EC029E8AB1400ECF681 /* Build configuration list for PBXProject "AlMacA" */;
			compatibilityVersion = "Xcode 14.0";
			developmentRegion = en;
			hasScannedForEncodings = 0;
			knownRegions = (
				en,
				Base,
			);
			mainGroup = DA307EBC29E8AB1400ECF681;
			productRefGroup = DA307EC629E8AB1400ECF681 /* Products */;
			projectDirPath = "";
			projectRoot = "";
			targets = (
				DA307EC429E8AB1400ECF681 /* AlMacA */,
			);
		};
/* End PBXProject section */

/* Begin PBXResourcesBuildPhase section */
		DA307EC329E8AB1400ECF681 /* Resources */ = {
			isa = PBXResourcesBuildPhase;
			buildActionMask = 2147483647;
			files = (
				DA307ED029E8AB1500ECF681 /* Preview Assets.xcassets in Resources */,
				DA307ECD29E8AB1500ECF681 /* Assets.xcassets in Resources */,
			);
			runOnlyForDeploymentPostprocessing = 0;
		};
/* End PBXResourcesBuildPhase section */

/* Begin PBXSourcesBuildPhase section */
		DA307EC129E8AB1400ECF681 /* Sources */ = {
			isa = PBXSourcesBuildPhase;
			buildActionMask = 2147483647;
			files = (
				DA307EDB29E8AEF600ECF681 /* ChatView.swift in Sources */,
				DA307ED829E8AB8700ECF681 /* AppDelegate.swift in Sources */,
				DA307ECB29E8AB1400ECF681 /* ContentView.swift in Sources */,
				DABD1FB629EF05F2001B6A3D /* ChatViewModel.swift in Sources */,
				DA307EC929E8AB1400ECF681 /* AlMacAApp.swift in Sources */,
			);
			runOnlyForDeploymentPostprocessing = 0;
		};
/* End PBXSourcesBuildPhase section */

/* Begin XCBuildConfiguration section */
		DA307ED229E8AB1500ECF681 /* Debug */ = {
			isa = XCBuildConfiguration;
			buildSettings = {
				ALWAYS_SEARCH_USER_PATHS = NO;
				CLANG_ANALYZER_NONNULL = YES;
				CLANG_ANALYZER_NUMBER_OBJECT_CONVERSION = YES_AGGRESSIVE;
				CLANG_CXX_LANGUAGE_STANDARD = "gnu++20";
				CLANG_ENABLE_MODULES = YES;
				CLANG_ENABLE_OBJC_ARC = YES;
				CLANG_ENABLE_OBJC_WEAK = YES;
				CLANG_WARN_BLOCK_CAPTURE_AUTORELEASING = YES;
				CLANG_WARN_BOOL_CONVERSION = YES;
				CLANG_WARN_COMMA = YES;
				CLANG_WARN_CONSTANT_CONVERSION = YES;
				CLANG_WARN_DEPRECATED_OBJC_IMPLEMENTATIONS = YES;
				CLANG_WARN_DIRECT_OBJC_ISA_USAGE = YES_ERROR;
				CLANG_WARN_DOCUMENTATION_COMMENTS = YES;
				CLANG_WARN_EMPTY_BODY = YES;
				CLANG_WARN_ENUM_CONVERSION = YES;
				CLANG_WARN_INFINITE_RECURSION = YES;
				CLANG_WARN_INT_CONVERSION = YES;
				CLANG_WARN_NON_LITERAL_NULL_CONVERSION = YES;
				CLANG_WARN_OBJC_IMPLICIT_RETAIN_SELF = YES;
				CLANG_WARN_OBJC_LITERAL_CONVERSION = YES;
				CLANG_WARN_OBJC_ROOT_CLASS = YES_ERROR;
				CLANG_WARN_QUOTED_INCLUDE_IN_FRAMEWORK_HEADER = YES;
				CLANG_WARN_RANGE_LOOP_ANALYSIS = YES;
				CLANG_WARN_STRICT_PROTOTYPES = YES;
				CLANG_WARN_SUSPICIOUS_MOVE = YES;
				CLANG_WARN_UNGUARDED_AVAILABILITY = YES_AGGRESSIVE;
				CLANG_WARN_UNREACHABLE_CODE = YES;
				CLANG_WARN__DUPLICATE_METHOD_MATCH = YES;
				COPY_PHASE_STRIP = NO;
				DEBUG_INFORMATION_FORMAT = dwarf;
				ENABLE_STRICT_OBJC_MSGSEND = YES;
				ENABLE_TESTABILITY = YES;
				GCC_C_LANGUAGE_STANDARD = gnu11;
				GCC_DYNAMIC_NO_PIC = NO;
				GCC_NO_COMMON_BLOCKS = YES;
				GCC_OPTIMIZATION_LEVEL = 0;
				GCC_PREPROCESSOR_DEFINITIONS = (
					"DEBUG=1",
					"$(inherited)",
				);
				GCC_WARN_64_TO_32_BIT_CONVERSION = YES;
				GCC_WARN_ABOUT_RETURN_TYPE = YES_ERROR;
				GCC_WARN_UNDECLARED_SELECTOR = YES;
				GCC_WARN_UNINITIALIZED_AUTOS = YES_AGGRESSIVE;
				GCC_WARN_UNUSED_FUNCTION = YES;
				GCC_WARN_UNUSED_VARIABLE = YES;
				MACOSX_DEPLOYMENT_TARGET = 13.3;
				MTL_ENABLE_DEBUG_INFO = INCLUDE_SOURCE;
				MTL_FAST_MATH = YES;
				ONLY_ACTIVE_ARCH = YES;
				SDKROOT = macosx;
				SWIFT_ACTIVE_COMPILATION_CONDITIONS = DEBUG;
				SWIFT_OPTIMIZATION_LEVEL = "-Onone";
			};
			name = Debug;
		};
		DA307ED329E8AB1500ECF681 /* Release */ = {
			isa = XCBuildConfiguration;
			buildSettings = {
				ALWAYS_SEARCH_USER_PATHS = NO;
				CLANG_ANALYZER_NONNULL = YES;
				CLANG_ANALYZER_NUMBER_OBJECT_CONVERSION = YES_AGGRESSIVE;
				CLANG_CXX_LANGUAGE_STANDARD = "gnu++20";
				CLANG_ENABLE_MODULES = YES;
				CLANG_ENABLE_OBJC_ARC = YES;
				CLANG_ENABLE_OBJC_WEAK = YES;
				CLANG_WARN_BLOCK_CAPTURE_AUTORELEASING = YES;
				CLANG_WARN_BOOL_CONVERSION = YES;
				CLANG_WARN_COMMA = YES;
				CLANG_WARN_CONSTANT_CONVERSION = YES;
				CLANG_WARN_DEPRECATED_OBJC_IMPLEMENTATIONS = YES;
				CLANG_WARN_DIRECT_OBJC_ISA_USAGE = YES_ERROR;
				CLANG_WARN_DOCUMENTATION_COMMENTS = YES;
				CLANG_WARN_EMPTY_BODY = YES;
				CLANG_WARN_ENUM_CONVERSION = YES;
				CLANG_WARN_INFINITE_RECURSION = YES;
				CLANG_WARN_INT_CONVERSION = YES;
				CLANG_WARN_NON_LITERAL_NULL_CONVERSION = YES;
				CLANG_WARN_OBJC_IMPLICIT_RETAIN_SELF = YES;
				CLANG_WARN_OBJC_LITERAL_CONVERSION = YES;
				CLANG_WARN_OBJC_ROOT_CLASS = YES_ERROR;
				CLANG_WARN_QUOTED_INCLUDE_IN_FRAMEWORK_HEADER = YES;
				CLANG_WARN_RANGE_LOOP_ANALYSIS = YES;
				CLANG_WARN_STRICT_PROTOTYPES = YES;
				CLANG_WARN_SUSPICIOUS_MOVE = YES;
				CLANG_WARN_UNGUARDED_AVAILABILITY = YES_AGGRESSIVE;
				CLANG_WARN_UNREACHABLE_CODE = YES;
				CLANG_WARN__DUPLICATE_METHOD_MATCH = YES;
				COPY_PHASE_STRIP = NO;
				DEBUG_INFORMATION_FORMAT = "dwarf-with-dsym";
				ENABLE_NS_ASSERTIONS = NO;
				ENABLE_STRICT_OBJC_MSGSEND = YES;
				GCC_C_LANGUAGE_STANDARD = gnu11;
				GCC_NO_COMMON_BLOCKS = YES;
				GCC_WARN_64_TO_32_BIT_CONVERSION = YES;
				GCC_WARN_ABOUT_RETURN_TYPE = YES_ERROR;
				GCC_WARN_UNDECLARED_SELECTOR = YES;
				GCC_WARN_UNINITIALIZED_AUTOS = YES_AGGRESSIVE;
				GCC_WARN_UNUSED_FUNCTION = YES;
				GCC_WARN_UNUSED_VARIABLE = YES;
				MACOSX_DEPLOYMENT_TARGET = 13.3;
				MTL_ENABLE_DEBUG_INFO = NO;
				MTL_FAST_MATH = YES;
				SDKROOT = macosx;
				SWIFT_COMPILATION_MODE = wholemodule;
				SWIFT_OPTIMIZATION_LEVEL = "-O";
			};
			name = Release;
		};
		DA307ED529E8AB1500ECF681 /* Debug */ = {
			isa = XCBuildConfiguration;
			buildSettings = {
				ASSETCATALOG_COMPILER_APPICON_NAME = AlMacA;
				ASSETCATALOG_COMPILER_GLOBAL_ACCENT_COLOR_NAME = AccentColor;
				CODE_SIGN_ENTITLEMENTS = AlMacA/AlMacA.entitlements;
				CODE_SIGN_STYLE = Automatic;
				COMBINE_HIDPI_IMAGES = YES;
				CURRENT_PROJECT_VERSION = 1;
				DEVELOPMENT_ASSET_PATHS = "\"AlMacA/Preview Content\"";
				DEVELOPMENT_TEAM = DFA4WUBF93;
				ENABLE_HARDENED_RUNTIME = YES;
				ENABLE_PREVIEWS = YES;
				GENERATE_INFOPLIST_FILE = YES;
				INFOPLIST_FILE = AlMacA/Info.plist;
				INFOPLIST_KEY_LSApplicationCategoryType = "";
				INFOPLIST_KEY_LSUIElement = YES;
				INFOPLIST_KEY_NSHumanReadableCopyright = "";
				LD_RUNPATH_SEARCH_PATHS = (
					"$(inherited)",
					"@executable_path/../Frameworks",
				);
				MARKETING_VERSION = 1.0;
				PRODUCT_BUNDLE_IDENTIFIER = Jan.AlMacA;
				PRODUCT_NAME = "$(TARGET_NAME)";
				SWIFT_EMIT_LOC_STRINGS = YES;
				SWIFT_VERSION = 5.0;
			};
			name = Debug;
		};
		DA307ED629E8AB1500ECF681 /* Release */ = {
			isa = XCBuildConfiguration;
			buildSettings = {
				ASSETCATALOG_COMPILER_APPICON_NAME = AlMacA;
				ASSETCATALOG_COMPILER_GLOBAL_ACCENT_COLOR_NAME = AccentColor;
				CODE_SIGN_ENTITLEMENTS = AlMacA/AlMacA.entitlements;
				CODE_SIGN_STYLE = Automatic;
				COMBINE_HIDPI_IMAGES = YES;
				CURRENT_PROJECT_VERSION = 1;
				DEVELOPMENT_ASSET_PATHS = "\"AlMacA/Preview Content\"";
				DEVELOPMENT_TEAM = DFA4WUBF93;
				ENABLE_HARDENED_RUNTIME = YES;
				ENABLE_PREVIEWS = YES;
				GENERATE_INFOPLIST_FILE = YES;
				INFOPLIST_FILE = AlMacA/Info.plist;
				INFOPLIST_KEY_LSApplicationCategoryType = "";
				INFOPLIST_KEY_LSUIElement = YES;
				INFOPLIST_KEY_NSHumanReadableCopyright = "";
				LD_RUNPATH_SEARCH_PATHS = (
					"$(inherited)",
					"@executable_path/../Frameworks",
				);
				MARKETING_VERSION = 1.0;
				PRODUCT_BUNDLE_IDENTIFIER = Jan.AlMacA;
				PRODUCT_NAME = "$(TARGET_NAME)";
				SWIFT_EMIT_LOC_STRINGS = YES;
				SWIFT_VERSION = 5.0;
			};
			name = Release;
		};
/* End XCBuildConfiguration section */

/* Begin XCConfigurationList section */
		DA307EC029E8AB1400ECF681 /* Build configuration list for PBXProject "AlMacA" */ = {
			isa = XCConfigurationList;
			buildConfigurations = (
				DA307ED229E8AB1500ECF681 /* Debug */,
				DA307ED329E8AB1500ECF681 /* Release */,
			);
			defaultConfigurationIsVisible = 0;
			defaultConfigurationName = Release;
		};
		DA307ED429E8AB1500ECF681 /* Build configuration list for PBXNativeTarget "AlMacA" */ = {
			isa = XCConfigurationList;
			buildConfigurations = (
				DA307ED529E8AB1500ECF681 /* Debug */,
				DA307ED629E8AB1500ECF681 /* Release */,
			);
			defaultConfigurationIsVisible = 0;
			defaultConfigurationName = Release;
		};
/* End XCConfigurationList section */
	};
	rootObject = DA307EBD29E8AB1400ECF681 /* Project object */;
}
